
Microsoft Visual Studio Solution File, Format Version 11.00
# Visual Studio 2010
Project("{FAE04EC0-301F-11D3-BF4B-00C04F79EFBC}") = "HeronEngine", "HeronEngine.csproj", "{E3C7F929-5004-4403-8C10-0B20645D2D27}"
EndProject
Project("{54435603-DBB4-11D2-8724-00A0C9A8B90C}") = "HeronSetup", "..\HeronSetup\HeronSetup.vdproj", "{B6F12BCC-CE9E-4D7F-8EA1-63E031371870}"
EndProject
Project("{2150E333-8FDC-42A3-9474-1A3956D46DE8}") = "Solution Items", "Solution Items", "{B69A0724-4612-413C-A9AF-9D50EF29F88C}"
EndProject
Project("{FAE04EC0-301F-11D3-BF4B-00C04F79EFBC}") = "ConsoleApplication1", "..\ConsoleApplication1\ConsoleApplication1.csproj", "{AD052433-361F-4CF3-8637-4258CAF88C89}"
EndProject
Global
	GlobalSection(SolutionConfigurationPlatforms) = preSolution
		Debug|Any CPU = Debug|Any CPU
		Debug|Mixed Platforms = Debug|Mixed Platforms
		Debug|x86 = Debug|x86
		Debug|Xbox 360 = Debug|Xbox 360
		Debug|Zune = Debug|Zune
		Release|Any CPU = Release|Any CPU
		Release|Mixed Platforms = Release|Mixed Platforms
		Release|x86 = Release|x86
		Release|Xbox 360 = Release|Xbox 360
		Release|Zune = Release|Zune
	EndGlobalSection
	GlobalSection(ProjectConfigurationPlatforms) = postSolution
		{E3C7F929-5004-4403-8C10-0B20645D2D27}.Debug|Any CPU.ActiveCfg = Debug|Any CPU
		{E3C7F929-5004-4403-8C10-0B20645D2D27}.Debug|Any CPU.Build.0 = Debug|Any CPU
		{E3C7F929-5004-4403-8C10-0B20645D2D27}.Debug|Mixed Platforms.ActiveCfg = Debug|Any CPU
		{E3C7F929-5004-4403-8C10-0B20645D2D27}.Debug|Mixed Platforms.Build.0 = Debug|Any CPU
		{E3C7F929-5004-4403-8C10-0B20645D2D27}.Debug|x86.ActiveCfg = Debug|Any CPU
		{E3C7F929-5004-4403-8C10-0B20645D2D27}.Debug|Xbox 360.ActiveCfg = Debug|Any CPU
		{E3C7F929-5004-4403-8C10-0B20645D2D27}.Debug|Zune.ActiveCfg = Debug|Any CPU
		{E3C7F929-5004-4403-8C10-0B20645D2D27}.Release|Any CPU.ActiveCfg = Release|Any CPU
		{E3C7F929-5004-4403-8C10-0B20645D2D27}.Release|Any CPU.Build.0 = Release|Any CPU
		{E3C7F929-5004-4403-8C10-0B20645D2D27}.Release|Mixed Platforms.ActiveCfg = Release|Any CPU
		{E3C7F929-5004-4403-8C10-0B20645D2D27}.Release|Mixed Platforms.Build.0 = Release|Any CPU
		{E3C7F929-5004-4403-8C10-0B20645D2D27}.Release|x86.ActiveCfg = Release|Any CPU
		{E3C7F929-5004-4403-8C10-0B20645D2D27}.Release|Xbox 360.ActiveCfg = Release|Any CPU
		{E3C7F929-5004-4403-8C10-0B20645D2D27}.Release|Zune.ActiveCfg = Release|Any CPU
		{B6F12BCC-CE9E-4D7F-8EA1-63E031371870}.Debug|Any CPU.ActiveCfg = Debug
		{B6F12BCC-CE9E-4D7F-8EA1-63E031371870}.Debug|Mixed Platforms.ActiveCfg = Debug
		{B6F12BCC-CE9E-4D7F-8EA1-63E031371870}.Debug|x86.ActiveCfg = Debug
		{B6F12BCC-CE9E-4D7F-8EA1-63E031371870}.Debug|Xbox 360.ActiveCfg = Debug
		{B6F12BCC-CE9E-4D7F-8EA1-63E031371870}.Debug|Zune.ActiveCfg = Debug
		{B6F12BCC-CE9E-4D7F-8EA1-63E031371870}.Release|Any CPU.ActiveCfg = Release
		{B6F12BCC-CE9E-4D7F-8EA1-63E031371870}.Release|Mixed Platforms.ActiveCfg = Release
		{B6F12BCC-CE9E-4D7F-8EA1-63E031371870}.Release|x86.ActiveCfg = Release
		{B6F12BCC-CE9E-4D7F-8EA1-63E031371870}.Release|Xbox 360.ActiveCfg = Release
		{B6F12BCC-CE9E-4D7F-8EA1-63E031371870}.Release|Zune.ActiveCfg = Release
		{AD052433-361F-4CF3-8637-4258CAF88C89}.Debug|Any CPU.ActiveCfg = Debug|x86
		{AD052433-361F-4CF3-8637-4258CAF88C89}.Debug|Mixed Platforms.ActiveCfg = Debug|x86
		{AD052433-361F-4CF3-8637-4258CAF88C89}.Debug|Mixed Platforms.Build.0 = Debug|x86
		{AD052433-361F-4CF3-8637-4258CAF88C89}.Debug|x86.ActiveCfg = Debug|x86
		{AD052433-361F-4CF3-8637-4258CAF88C89}.Debug|x86.Build.0 = Debug|x86
		{AD052433-361F-4CF3-8637-4258CAF88C89}.Debug|Xbox 360.ActiveCfg = Debug|x86
		{AD052433-361F-4CF3-8637-4258CAF88C89}.Debug|Zune.ActiveCfg = Debug|x86
		{AD052433-361F-4CF3-8637-4258CAF88C89}.Release|Any CPU.ActiveCfg = Release|x86
		{AD052433-361F-4CF3-8637-4258CAF88C89}.Release|Mixed Platforms.ActiveCfg = Release|x86
		{AD052433-361F-4CF3-8637-4258CAF88C89}.Release|Mixed Platforms.Build.0 = Release|x86
		{AD052433-361F-4CF3-8637-4258CAF88C89}.Release|x86.ActiveCfg = Release|x86
		{AD052433-361F-4CF3-8637-4258CAF88C89}.Release|x86.Build.0 = Release|x86
		{AD052433-361F-4CF3-8637-4258CAF88C89}.Release|Xbox 360.ActiveCfg = Release|x86
		{AD052433-361F-4CF3-8637-4258CAF88C89}.Release|Zune.ActiveCfg = Release|x86
	EndGlobalSection
	GlobalSection(SolutionProperties) = preSolution
		HideSolutionNode = FALSE
	EndGlobalSection
EndGlobal
